{
  "name": "gab",
  "lockfileVersion": 3,
  "requires": true,
  "packages": {
    "": {
      "dependencies": {
        "framework7-icons": "^5.0.5"
      }
    },
    "node_modules/framework7-icons": {
      "version": "5.0.5",
      "resolved": "https://registry.npmjs.org/framework7-icons/-/framework7-icons-5.0.5.tgz",
      "integrity": "sha512-bvHMLyujV9TFuudehd3ORZ/EvNp19Ir3ckVzYAOf3MkLymHba/9oHLsgopCh0x5UsrYZUpkrE+fd7ggj5y4wRw==",
      "license": "MIT",
      "engines": {
        "node": ">= 0.10.0"
      }
    }
  }
}
